
Microsoft Visual Studio Solution File, Format Version 12.00
# Visual Studio Version 17
VisualStudioVersion = 17.3.32901.215
MinimumVisualStudioVersion = 10.0.40219.1
Project("{9A19103F-16F7-4668-BE54-9A1E7A4F7556}") = "Heleonix.Testing.NUnit", "Heleonix.Testing.NUnit\Heleonix.Testing.NUnit.csproj", "{36AD64B1-92AD-4BCE-931E-FBEC6C655E3F}"
EndProject
Project("{2150E333-8FDC-42A3-9474-1A3956D46DE8}") = "Solution Items", "Solution Items", "{A398BD16-D969-4113-B7D4-8382AA4BE0D1}"
	ProjectSection(SolutionItems) = preProject
		.gitignore = .gitignore
		LICENSE = LICENSE
		README.md = README.md
		stylecop.json = stylecop.json
		SharedPackageInfo.props = SharedPackageInfo.props
	EndProjectSection
EndProject
Project("{2150E333-8FDC-42A3-9474-1A3956D46DE8}") = "Sources", "Sources", "{4AEAF240-3ED0-49D3-B054-27402285220A}"
EndProject
Project("{2150E333-8FDC-42A3-9474-1A3956D46DE8}") = "Tests", "Tests", "{783E9705-9D30-414A-956F-DBDCB06F3ACA}"
EndProject
Project("{2150E333-8FDC-42A3-9474-1A3956D46DE8}") = "Docs", "Docs", "{5334635D-74B4-48B3-AEB7-EF04B0887CAB}"
EndProject
Project("{2150E333-8FDC-42A3-9474-1A3956D46DE8}") = "images", "images", "{E4223876-529E-4757-98A2-97D488BD32B3}"
	ProjectSection(SolutionItems) = preProject
		Docs\images\AAA.png = Docs\images\AAA.png
		Docs\images\BDD.png = Docs\images\BDD.png
	EndProjectSection
EndProject
Project("{9A19103F-16F7-4668-BE54-9A1E7A4F7556}") = "Heleonix.Testing.NUnit.Tests", "Heleonix.Testing.NUnit.Tests\Heleonix.Testing.NUnit.Tests.csproj", "{8821B8D3-CC9E-4402-ABF5-0F4F99E82A8C}"
EndProject
Global
	GlobalSection(SolutionConfigurationPlatforms) = preSolution
		Debug|Any CPU = Debug|Any CPU
		Release|Any CPU = Release|Any CPU
	EndGlobalSection
	GlobalSection(ProjectConfigurationPlatforms) = postSolution
		{36AD64B1-92AD-4BCE-931E-FBEC6C655E3F}.Debug|Any CPU.ActiveCfg = Debug|Any CPU
		{36AD64B1-92AD-4BCE-931E-FBEC6C655E3F}.Debug|Any CPU.Build.0 = Debug|Any CPU
		{36AD64B1-92AD-4BCE-931E-FBEC6C655E3F}.Release|Any CPU.ActiveCfg = Release|Any CPU
		{36AD64B1-92AD-4BCE-931E-FBEC6C655E3F}.Release|Any CPU.Build.0 = Release|Any CPU
		{8821B8D3-CC9E-4402-ABF5-0F4F99E82A8C}.Debug|Any CPU.ActiveCfg = Debug|Any CPU
		{8821B8D3-CC9E-4402-ABF5-0F4F99E82A8C}.Debug|Any CPU.Build.0 = Debug|Any CPU
		{8821B8D3-CC9E-4402-ABF5-0F4F99E82A8C}.Release|Any CPU.ActiveCfg = Release|Any CPU
		{8821B8D3-CC9E-4402-ABF5-0F4F99E82A8C}.Release|Any CPU.Build.0 = Release|Any CPU
	EndGlobalSection
	GlobalSection(SolutionProperties) = preSolution
		HideSolutionNode = FALSE
	EndGlobalSection
	GlobalSection(NestedProjects) = preSolution
		{36AD64B1-92AD-4BCE-931E-FBEC6C655E3F} = {4AEAF240-3ED0-49D3-B054-27402285220A}
		{E4223876-529E-4757-98A2-97D488BD32B3} = {5334635D-74B4-48B3-AEB7-EF04B0887CAB}
		{8821B8D3-CC9E-4402-ABF5-0F4F99E82A8C} = {783E9705-9D30-414A-956F-DBDCB06F3ACA}
	EndGlobalSection
	GlobalSection(ExtensibilityGlobals) = postSolution
		SolutionGuid = {710E8CFD-309B-4054-9763-4649C9D5E58C}
	EndGlobalSection
EndGlobal
